// !$*UTF8*$!
{
	archiveVersion = 1;
	classes = {
	};
	objectVersion = 46;
	objects = {

/* Begin PBXBuildFile section */
		BF_109343250395 /* RTCVideoCodecInfo+HumanReadable.m in Sources */ = {isa = PBXBuildFile; fileRef = FR_374052490821-1 /* RTCVideoCodecInfo+HumanReadable.m */; };
		BF_124329528026 /* iPhone5@2x.png in Resources */ = {isa = PBXBuildFile; fileRef = FR_209936620692 /* iPhone5@2x.png */; };
		BF_131149127477 /* ARDSettingsViewController.m in Sources */ = {isa = PBXBuildFile; fileRef = FR_491903785309-1 /* ARDSettingsViewController.m */; };
		BF_132279645272 /* ARDBitrateTracker.m in Sources */ = {isa = PBXBuildFile; fileRef = FR_137104936704-1 /* ARDBitrateTracker.m */; };
		BF_150481844235 /* ARDAppDelegate.m in Sources */ = {isa = PBXBuildFile; fileRef = FR_735565164839-1 /* ARDAppDelegate.m */; };
		BF_179087166209 /* ARDMessageResponse.m in Sources */ = {isa = PBXBuildFile; fileRef = FR_733498380105-1 /* ARDMessageResponse.m */; };
		BF_222913651085 /* ARDStatsView.m in Sources */ = {isa = PBXBuildFile; fileRef = FR_408723183791 /* ARDStatsView.m */; };
		BF_242175753271 /* foreman.mp4 in Resources */ = {isa = PBXBuildFile; fileRef = FR_527618744884 /* foreman.mp4 */; };
		BF_247484548867 /* iPhone6p@3x.png in Resources */ = {isa = PBXBuildFile; fileRef = FR_326588101799 /* iPhone6p@3x.png */; };
		BF_248999510369 /* ARDAppEngineClient.m in Sources */ = {isa = PBXBuildFile; fileRef = FR_108980526055-1 /* ARDAppEngineClient.m */; };
		BF_256005642908 /* UIImage+ARDUtilities.m in Sources */ = {isa = PBXBuildFile; fileRef = FR_180365900664-1 /* UIImage+ARDUtilities.m */; };
		BF_275767416747 /* ARDStatsBuilder.m in Sources */ = {isa = PBXBuildFile; fileRef = FR_282893549462 /* ARDStatsBuilder.m */; };
		BF_279069132400 /* mozart.mp3 in Resources */ = {isa = PBXBuildFile; fileRef = FR_139088551266 /* mozart.mp3 */; };
		BF_279722294223 /* ARDSignalingMessage.m in Sources */ = {isa = PBXBuildFile; fileRef = FR_492965369964-1 /* ARDSignalingMessage.m */; };
		BF_307185709813 /* ic_settings_black_24dp.png in Resources */ = {isa = PBXBuildFile; fileRef = FR_562811267247 /* ic_settings_black_24dp.png */; };
		BF_312302732878 /* ic_surround_sound_black_24dp@2x.png in Resources */ = {isa = PBXBuildFile; fileRef = FR_257518026840 /* ic_surround_sound_black_24dp@2x.png */; };
		BF_330620777092 /* RTCIceServer+JSON.m in Sources */ = {isa = PBXBuildFile; fileRef = FR_286609943149-1 /* RTCIceServer+JSON.m */; };
		BF_342709947260 /* ARDJoinResponse.m in Sources */ = {isa = PBXBuildFile; fileRef = FR_772803489391 /* ARDJoinResponse.m */; };
		BF_355869516465 /* ARDAppClient.m in Sources */ = {isa = PBXBuildFile; fileRef = FR_415193751021 /* ARDAppClient.m */; };
		BF_397863762098 /* RTCSessionDescription+JSON.m in Sources */ = {isa = PBXBuildFile; fileRef = FR_699437721542-1 /* RTCSessionDescription+JSON.m */; };
		BF_408330219554 /* iPhone6@2x.png in Resources */ = {isa = PBXBuildFile; fileRef = FR_151605477863 /* iPhone6@2x.png */; };
		BF_442265632275 /* ARDVideoCallView.m in Sources */ = {isa = PBXBuildFile; fileRef = FR_148669479096-1 /* ARDVideoCallView.m */; };
		BF_496197152758 /* ic_settings_black_24dp@2x.png in Resources */ = {isa = PBXBuildFile; fileRef = FR_249243069595 /* ic_settings_black_24dp@2x.png */; };
		BF_526225752359 /* ic_clear_black_24dp@2x.png in Resources */ = {isa = PBXBuildFile; fileRef = FR_177402465799 /* ic_clear_black_24dp@2x.png */; };
		BF_528625307006 /* ARDCaptureController.m in Sources */ = {isa = PBXBuildFile; fileRef = FR_558437994969-1 /* ARDCaptureController.m */; };
		BF_532770989408 /* RTCMediaConstraints+JSON.m in Sources */ = {isa = PBXBuildFile; fileRef = FR_882907201518-1 /* RTCMediaConstraints+JSON.m */; };
		BF_549823376324 /* ic_switch_video_black_24dp.png in Resources */ = {isa = PBXBuildFile; fileRef = FR_470033356843 /* ic_switch_video_black_24dp.png */; };
		BF_575484936120 /* Roboto-Regular.ttf in Resources */ = {isa = PBXBuildFile; fileRef = FR_871186740117 /* Roboto-Regular.ttf */; };
		BF_621920492751 /* main.m in Sources */ = {isa = PBXBuildFile; fileRef = FR_553664426437 /* main.m */; };
		BF_639637762881 /* ARDWebSocketChannel.m in Sources */ = {isa = PBXBuildFile; fileRef = FR_406777797840-1 /* ARDWebSocketChannel.m */; };
		BF_648166394144 /* ic_switch_video_black_24dp@2x.png in Resources */ = {isa = PBXBuildFile; fileRef = FR_663195032623 /* ic_switch_video_black_24dp@2x.png */; };
		BF_652919166652 /* ic_call_end_black_24dp.png in Resources */ = {isa = PBXBuildFile; fileRef = FR_102940247755 /* ic_call_end_black_24dp.png */; };
		BF_746488953283 /* ARDSettingsModel.m in Sources */ = {isa = PBXBuildFile; fileRef = FR_182706512390 /* ARDSettingsModel.m */; };
		BF_757282291920 /* ic_surround_sound_black_24dp.png in Resources */ = {isa = PBXBuildFile; fileRef = FR_169228495756 /* ic_surround_sound_black_24dp.png */; };
		BF_826180595501 /* ARDFileCaptureController.m in Sources */ = {isa = PBXBuildFile; fileRef = FR_110324810726-1 /* ARDFileCaptureController.m */; };
		BF_826632172124 /* ic_clear_black_24dp.png in Resources */ = {isa = PBXBuildFile; fileRef = FR_109107601055 /* ic_clear_black_24dp.png */; };
		BF_832867585165 /* ARDVideoCallViewController.m in Sources */ = {isa = PBXBuildFile; fileRef = FR_375916019100-1 /* ARDVideoCallViewController.m */; };
		BF_840579433661 /* ARDUtilities.m in Sources */ = {isa = PBXBuildFile; fileRef = FR_187514407249-1 /* ARDUtilities.m */; };
		BF_848063531561 /* ARDSettingsStore.m in Sources */ = {isa = PBXBuildFile; fileRef = FR_813165312178 /* ARDSettingsStore.m */; };
		BF_849794297607 /* ARDTURNClient.m in Sources */ = {isa = PBXBuildFile; fileRef = FR_434705630229 /* ARDTURNClient.m */; };
		BF_853232844323 /* SRWebSocket.m in Sources */ = {isa = PBXBuildFile; fileRef = FR_194190684449-1 /* SRWebSocket.m */; };
		BF_894234307354 /* ARDMainView.m in Sources */ = {isa = PBXBuildFile; fileRef = FR_450544918561 /* ARDMainView.m */; };
		BF_895405225681 /* RTCIceCandidate+JSON.m in Sources */ = {isa = PBXBuildFile; fileRef = FR_212139652551-1 /* RTCIceCandidate+JSON.m */; };
		BF_903778095156 /* ic_call_end_black_24dp@2x.png in Resources */ = {isa = PBXBuildFile; fileRef = FR_892360524368 /* ic_call_end_black_24dp@2x.png */; };
		BF_915211606389 /* ARDMainViewController.m in Sources */ = {isa = PBXBuildFile; fileRef = FR_651958243082-1 /* ARDMainViewController.m */; };
		DD063CB8EEF1238F402A8D8E /* libPods-AppRTCMobile.a in Frameworks */ = {isa = PBXBuildFile; fileRef = 7A666BDDDA6B7B966DDA559C /* libPods-AppRTCMobile.a */; };
/* End PBXBuildFile section */

/* Begin PBXFileReference section */
		7A666BDDDA6B7B966DDA559C /* libPods-AppRTCMobile.a */ = {isa = PBXFileReference; explicitFileType = archive.ar; includeInIndex = 0; path = "libPods-AppRTCMobile.a"; sourceTree = BUILT_PRODUCTS_DIR; };
		FC6D13B425941C96B73F6411 /* Pods-AppRTCMobile.release.xcconfig */ = {isa = PBXFileReference; includeInIndex = 1; lastKnownFileType = text.xcconfig; name = "Pods-AppRTCMobile.release.xcconfig"; path = "Pods/Target Support Files/Pods-AppRTCMobile/Pods-AppRTCMobile.release.xcconfig"; sourceTree = "<group>"; };
		FF5944755B671F9448E3998C /* Pods-AppRTCMobile.debug.xcconfig */ = {isa = PBXFileReference; includeInIndex = 1; lastKnownFileType = text.xcconfig; name = "Pods-AppRTCMobile.debug.xcconfig"; path = "Pods/Target Support Files/Pods-AppRTCMobile/Pods-AppRTCMobile.debug.xcconfig"; sourceTree = "<group>"; };
		FR_102940247755 /* ic_call_end_black_24dp.png */ = {isa = PBXFileReference; lastKnownFileType = image.png; path = ic_call_end_black_24dp.png; sourceTree = "<group>"; };
		FR_108980526055 /* ARDAppEngineClient.h */ = {isa = PBXFileReference; lastKnownFileType = sourcecode.c.h; path = ARDAppEngineClient.h; sourceTree = "<group>"; };
		FR_108980526055-1 /* ARDAppEngineClient.m */ = {isa = PBXFileReference; lastKnownFileType = sourcecode.c.objc; path = ARDAppEngineClient.m; sourceTree = "<group>"; };
		FR_109107601055 /* ic_clear_black_24dp.png */ = {isa = PBXFileReference; lastKnownFileType = image.png; path = ic_clear_black_24dp.png; sourceTree = "<group>"; };
		FR_110324810726 /* ARDFileCaptureController.h */ = {isa = PBXFileReference; lastKnownFileType = sourcecode.c.h; path = ARDFileCaptureController.h; sourceTree = "<group>"; };
		FR_110324810726-1 /* ARDFileCaptureController.m */ = {isa = PBXFileReference; lastKnownFileType = sourcecode.c.objc; path = ARDFileCaptureController.m; sourceTree = "<group>"; };
		FR_137104936704 /* ARDBitrateTracker.h */ = {isa = PBXFileReference; lastKnownFileType = sourcecode.c.h; path = ARDBitrateTracker.h; sourceTree = "<group>"; };
		FR_137104936704-1 /* ARDBitrateTracker.m */ = {isa = PBXFileReference; lastKnownFileType = sourcecode.c.objc; path = ARDBitrateTracker.m; sourceTree = "<group>"; };
		FR_139088551266 /* mozart.mp3 */ = {isa = PBXFileReference; lastKnownFileType = audio.mp3; path = mozart.mp3; sourceTree = "<group>"; };
		FR_148669479096 /* ARDVideoCallView.h */ = {isa = PBXFileReference; lastKnownFileType = sourcecode.c.h; path = ARDVideoCallView.h; sourceTree = "<group>"; };
		FR_148669479096-1 /* ARDVideoCallView.m */ = {isa = PBXFileReference; lastKnownFileType = sourcecode.c.objc; path = ARDVideoCallView.m; sourceTree = "<group>"; };
		FR_151605477863 /* iPhone6@2x.png */ = {isa = PBXFileReference; lastKnownFileType = image.png; path = "iPhone6@2x.png"; sourceTree = "<group>"; };
		FR_169228495756 /* ic_surround_sound_black_24dp.png */ = {isa = PBXFileReference; lastKnownFileType = image.png; path = ic_surround_sound_black_24dp.png; sourceTree = "<group>"; };
		FR_177402465799 /* ic_clear_black_24dp@2x.png */ = {isa = PBXFileReference; lastKnownFileType = image.png; path = "ic_clear_black_24dp@2x.png"; sourceTree = "<group>"; };
		FR_180365900664 /* UIImage+ARDUtilities.h */ = {isa = PBXFileReference; lastKnownFileType = sourcecode.c.h; path = "UIImage+ARDUtilities.h"; sourceTree = "<group>"; };
		FR_180365900664-1 /* UIImage+ARDUtilities.m */ = {isa = PBXFileReference; lastKnownFileType = sourcecode.c.objc; path = "UIImage+ARDUtilities.m"; sourceTree = "<group>"; };
		FR_182706507451 /* ARDSettingsModel.h */ = {isa = PBXFileReference; lastKnownFileType = sourcecode.c.h; path = ARDSettingsModel.h; sourceTree = "<group>"; };
		FR_182706512390 /* ARDSettingsModel.m */ = {isa = PBXFileReference; lastKnownFileType = sourcecode.c.objc; path = ARDSettingsModel.m; sourceTree = "<group>"; };
		FR_187514407249 /* ARDUtilities.h */ = {isa = PBXFileReference; lastKnownFileType = sourcecode.c.h; path = ARDUtilities.h; sourceTree = "<group>"; };
		FR_187514407249-1 /* ARDUtilities.m */ = {isa = PBXFileReference; lastKnownFileType = sourcecode.c.objc; path = ARDUtilities.m; sourceTree = "<group>"; };
		FR_194190684449 /* SRWebSocket.h */ = {isa = PBXFileReference; lastKnownFileType = sourcecode.c.h; path = SRWebSocket.h; sourceTree = "<group>"; };
		FR_194190684449-1 /* SRWebSocket.m */ = {isa = PBXFileReference; lastKnownFileType = sourcecode.c.objc; path = SRWebSocket.m; sourceTree = "<group>"; };
		FR_209936620692 /* iPhone5@2x.png */ = {isa = PBXFileReference; lastKnownFileType = image.png; path = "iPhone5@2x.png"; sourceTree = "<group>"; };
		FR_212139652551 /* RTCIceCandidate+JSON.h */ = {isa = PBXFileReference; lastKnownFileType = sourcecode.c.h; path = "RTCIceCandidate+JSON.h"; sourceTree = "<group>"; };
		FR_212139652551-1 /* RTCIceCandidate+JSON.m */ = {isa = PBXFileReference; lastKnownFileType = sourcecode.c.objc; path = "RTCIceCandidate+JSON.m"; sourceTree = "<group>"; };
		FR_249243069595 /* ic_settings_black_24dp@2x.png */ = {isa = PBXFileReference; lastKnownFileType = image.png; path = "ic_settings_black_24dp@2x.png"; sourceTree = "<group>"; };
		FR_257518026840 /* ic_surround_sound_black_24dp@2x.png */ = {isa = PBXFileReference; lastKnownFileType = image.png; path = "ic_surround_sound_black_24dp@2x.png"; sourceTree = "<group>"; };
		FR_281438162037 /* LICENSE */ = {isa = PBXFileReference; path = LICENSE; sourceTree = "<group>"; };
		FR_282893549462 /* ARDStatsBuilder.m */ = {isa = PBXFileReference; lastKnownFileType = sourcecode.c.objc; path = ARDStatsBuilder.m; sourceTree = "<group>"; };
		FR_282893549998 /* ARDStatsBuilder.h */ = {isa = PBXFileReference; lastKnownFileType = sourcecode.c.h; path = ARDStatsBuilder.h; sourceTree = "<group>"; };
		FR_283523086118 /* ARDTURNClient+Internal.h */ = {isa = PBXFileReference; lastKnownFileType = sourcecode.c.h; path = "ARDTURNClient+Internal.h"; sourceTree = "<group>"; };
		FR_286609943149 /* RTCIceServer+JSON.h */ = {isa = PBXFileReference; lastKnownFileType = sourcecode.c.h; path = "RTCIceServer+JSON.h"; sourceTree = "<group>"; };
		FR_286609943149-1 /* RTCIceServer+JSON.m */ = {isa = PBXFileReference; lastKnownFileType = sourcecode.c.objc; path = "RTCIceServer+JSON.m"; sourceTree = "<group>"; };
		FR_326588101799 /* iPhone6p@3x.png */ = {isa = PBXFileReference; lastKnownFileType = image.png; path = "iPhone6p@3x.png"; sourceTree = "<group>"; };
		FR_343904842307 /* ARDAppClient+Internal.h */ = {isa = PBXFileReference; lastKnownFileType = sourcecode.c.h; path = "ARDAppClient+Internal.h"; sourceTree = "<group>"; };
		FR_374052490821 /* RTCVideoCodecInfo+HumanReadable.h */ = {isa = PBXFileReference; lastKnownFileType = sourcecode.c.h; path = "RTCVideoCodecInfo+HumanReadable.h"; sourceTree = "<group>"; };
		FR_374052490821-1 /* RTCVideoCodecInfo+HumanReadable.m */ = {isa = PBXFileReference; lastKnownFileType = sourcecode.c.objc; path = "RTCVideoCodecInfo+HumanReadable.m"; sourceTree = "<group>"; };
		FR_375916019100 /* ARDVideoCallViewController.h */ = {isa = PBXFileReference; lastKnownFileType = sourcecode.c.h; path = ARDVideoCallViewController.h; sourceTree = "<group>"; };
		FR_375916019100-1 /* ARDVideoCallViewController.m */ = {isa = PBXFileReference; lastKnownFileType = sourcecode.c.objc; path = ARDVideoCallViewController.m; sourceTree = "<group>"; };
		FR_406777797840 /* ARDWebSocketChannel.h */ = {isa = PBXFileReference; lastKnownFileType = sourcecode.c.h; path = ARDWebSocketChannel.h; sourceTree = "<group>"; };
		FR_406777797840-1 /* ARDWebSocketChannel.m */ = {isa = PBXFileReference; lastKnownFileType = sourcecode.c.objc; path = ARDWebSocketChannel.m; sourceTree = "<group>"; };
		FR_408723183791 /* ARDStatsView.m */ = {isa = PBXFileReference; lastKnownFileType = sourcecode.c.objc; path = ARDStatsView.m; sourceTree = "<group>"; };
		FR_408723241773 /* ARDStatsView.h */ = {isa = PBXFileReference; lastKnownFileType = sourcecode.c.h; path = ARDStatsView.h; sourceTree = "<group>"; };
		FR_415193750927 /* ARDAppClient.h */ = {isa = PBXFileReference; lastKnownFileType = sourcecode.c.h; path = ARDAppClient.h; sourceTree = "<group>"; };
		FR_415193751021 /* ARDAppClient.m */ = {isa = PBXFileReference; lastKnownFileType = sourcecode.c.objc; path = ARDAppClient.m; sourceTree = "<group>"; };
		FR_434705629934 /* ARDTURNClient.h */ = {isa = PBXFileReference; lastKnownFileType = sourcecode.c.h; path = ARDTURNClient.h; sourceTree = "<group>"; };
		FR_434705630229 /* ARDTURNClient.m */ = {isa = PBXFileReference; lastKnownFileType = sourcecode.c.objc; path = ARDTURNClient.m; sourceTree = "<group>"; };
		FR_450544918025 /* ARDMainView.h */ = {isa = PBXFileReference; lastKnownFileType = sourcecode.c.h; path = ARDMainView.h; sourceTree = "<group>"; };
		FR_450544918561 /* ARDMainView.m */ = {isa = PBXFileReference; lastKnownFileType = sourcecode.c.objc; path = ARDMainView.m; sourceTree = "<group>"; };
		FR_453913582365 /* Info.plist */ = {isa = PBXFileReference; lastKnownFileType = text.plist.xml; path = Info.plist; sourceTree = "<group>"; };
		FR_470033356843 /* ic_switch_video_black_24dp.png */ = {isa = PBXFileReference; lastKnownFileType = image.png; path = ic_switch_video_black_24dp.png; sourceTree = "<group>"; };
		FR_491903785309 /* ARDSettingsViewController.h */ = {isa = PBXFileReference; lastKnownFileType = sourcecode.c.h; path = ARDSettingsViewController.h; sourceTree = "<group>"; };
		FR_491903785309-1 /* ARDSettingsViewController.m */ = {isa = PBXFileReference; lastKnownFileType = sourcecode.c.objc; path = ARDSettingsViewController.m; sourceTree = "<group>"; };
		FR_492965369964 /* ARDSignalingMessage.h */ = {isa = PBXFileReference; lastKnownFileType = sourcecode.c.h; path = ARDSignalingMessage.h; sourceTree = "<group>"; };
		FR_492965369964-1 /* ARDSignalingMessage.m */ = {isa = PBXFileReference; lastKnownFileType = sourcecode.c.objc; path = ARDSignalingMessage.m; sourceTree = "<group>"; };
		FR_500797211317 /* ARDMessageResponse+Internal.h */ = {isa = PBXFileReference; lastKnownFileType = sourcecode.c.h; path = "ARDMessageResponse+Internal.h"; sourceTree = "<group>"; };
		FR_527618744884 /* foreman.mp4 */ = {isa = PBXFileReference; path = foreman.mp4; sourceTree = "<group>"; };
		FR_553664426437 /* main.m */ = {isa = PBXFileReference; lastKnownFileType = sourcecode.c.objc; path = main.m; sourceTree = "<group>"; };
		FR_558437994969 /* ARDCaptureController.h */ = {isa = PBXFileReference; lastKnownFileType = sourcecode.c.h; path = ARDCaptureController.h; sourceTree = "<group>"; };
		FR_558437994969-1 /* ARDCaptureController.m */ = {isa = PBXFileReference; lastKnownFileType = sourcecode.c.objc; path = ARDCaptureController.m; sourceTree = "<group>"; };
		FR_562811267247 /* ic_settings_black_24dp.png */ = {isa = PBXFileReference; lastKnownFileType = image.png; path = ic_settings_black_24dp.png; sourceTree = "<group>"; };
		FR_614452453611 /* AppRTCMobile.app */ = {isa = PBXFileReference; includeInIndex = 0; lastKnownFileType = wrapper.application; path = AppRTCMobile.app; sourceTree = BUILT_PRODUCTS_DIR; };
		FR_651958243082 /* ARDMainViewController.h */ = {isa = PBXFileReference; lastKnownFileType = sourcecode.c.h; path = ARDMainViewController.h; sourceTree = "<group>"; };
		FR_651958243082-1 /* ARDMainViewController.m */ = {isa = PBXFileReference; lastKnownFileType = sourcecode.c.objc; path = ARDMainViewController.m; sourceTree = "<group>"; };
		FR_663195032623 /* ic_switch_video_black_24dp@2x.png */ = {isa = PBXFileReference; lastKnownFileType = image.png; path = "ic_switch_video_black_24dp@2x.png"; sourceTree = "<group>"; };
		FR_699437721542 /* RTCSessionDescription+JSON.h */ = {isa = PBXFileReference; lastKnownFileType = sourcecode.c.h; path = "RTCSessionDescription+JSON.h"; sourceTree = "<group>"; };
		FR_699437721542-1 /* RTCSessionDescription+JSON.m */ = {isa = PBXFileReference; lastKnownFileType = sourcecode.c.objc; path = "RTCSessionDescription+JSON.m"; sourceTree = "<group>"; };
		FR_733498380105 /* ARDMessageResponse.h */ = {isa = PBXFileReference; lastKnownFileType = sourcecode.c.h; path = ARDMessageResponse.h; sourceTree = "<group>"; };
		FR_733498380105-1 /* ARDMessageResponse.m */ = {isa = PBXFileReference; lastKnownFileType = sourcecode.c.objc; path = ARDMessageResponse.m; sourceTree = "<group>"; };
		FR_735565164839 /* ARDAppDelegate.h */ = {isa = PBXFileReference; lastKnownFileType = sourcecode.c.h; path = ARDAppDelegate.h; sourceTree = "<group>"; };
		FR_735565164839-1 /* ARDAppDelegate.m */ = {isa = PBXFileReference; lastKnownFileType = sourcecode.c.objc; path = ARDAppDelegate.m; sourceTree = "<group>"; };
		FR_745206097628 /* ARDSettingsModel+Private.h */ = {isa = PBXFileReference; lastKnownFileType = sourcecode.c.h; path = "ARDSettingsModel+Private.h"; sourceTree = "<group>"; };
		FR_772803489391 /* ARDJoinResponse.m */ = {isa = PBXFileReference; lastKnownFileType = sourcecode.c.objc; path = ARDJoinResponse.m; sourceTree = "<group>"; };
		FR_772803490143 /* ARDJoinResponse.h */ = {isa = PBXFileReference; lastKnownFileType = sourcecode.c.h; path = ARDJoinResponse.h; sourceTree = "<group>"; };
		FR_807167646154 /* ARDJoinResponse+Internal.h */ = {isa = PBXFileReference; lastKnownFileType = sourcecode.c.h; path = "ARDJoinResponse+Internal.h"; sourceTree = "<group>"; };
		FR_813165311963 /* ARDSettingsStore.h */ = {isa = PBXFileReference; lastKnownFileType = sourcecode.c.h; path = ARDSettingsStore.h; sourceTree = "<group>"; };
		FR_813165312178 /* ARDSettingsStore.m */ = {isa = PBXFileReference; lastKnownFileType = sourcecode.c.objc; path = ARDSettingsStore.m; sourceTree = "<group>"; };
		FR_837081248398 /* ARDRoomServerClient.h */ = {isa = PBXFileReference; lastKnownFileType = sourcecode.c.h; path = ARDRoomServerClient.h; sourceTree = "<group>"; };
		FR_866579842036 /* ARDSignalingChannel.h */ = {isa = PBXFileReference; lastKnownFileType = sourcecode.c.h; path = ARDSignalingChannel.h; sourceTree = "<group>"; };
		FR_871186740117 /* Roboto-Regular.ttf */ = {isa = PBXFileReference; path = "Roboto-Regular.ttf"; sourceTree = "<group>"; };
		FR_882907201518 /* RTCMediaConstraints+JSON.h */ = {isa = PBXFileReference; lastKnownFileType = sourcecode.c.h; path = "RTCMediaConstraints+JSON.h"; sourceTree = "<group>"; };
		FR_882907201518-1 /* RTCMediaConstraints+JSON.m */ = {isa = PBXFileReference; lastKnownFileType = sourcecode.c.objc; path = "RTCMediaConstraints+JSON.m"; sourceTree = "<group>"; };
		FR_892360524368 /* ic_call_end_black_24dp@2x.png */ = {isa = PBXFileReference; lastKnownFileType = image.png; path = "ic_call_end_black_24dp@2x.png"; sourceTree = "<group>"; };
/* End PBXFileReference section */

/* Begin PBXFrameworksBuildPhase section */
		BE202618BF408FF7F8DA0A3C /* Frameworks */ = {
			isa = PBXFrameworksBuildPhase;
			buildActionMask = 2147483647;
			files = (
				DD063CB8EEF1238F402A8D8E /* libPods-AppRTCMobile.a in Frameworks */,
			);
			runOnlyForDeploymentPostprocessing = 0;
		};
/* End PBXFrameworksBuildPhase section */

/* Begin PBXGroup section */
		A780EC488585290682862F1D /* Pods */ = {
			isa = PBXGroup;
			children = (
				FF5944755B671F9448E3998C /* Pods-AppRTCMobile.debug.xcconfig */,
				FC6D13B425941C96B73F6411 /* Pods-AppRTCMobile.release.xcconfig */,
			);
			name = Pods;
			sourceTree = "<group>";
		};
		B0B8CA2F5AF4C5F80103B7F5 /* Frameworks */ = {
			isa = PBXGroup;
			children = (
				7A666BDDDA6B7B966DDA559C /* libPods-AppRTCMobile.a */,
			);
			name = Frameworks;
			sourceTree = "<group>";
		};
		G_2160140709741 /* ios */ = {
			isa = PBXGroup;
			children = (
				FR_735565164839 /* ARDAppDelegate.h */,
				FR_735565164839-1 /* ARDAppDelegate.m */,
				FR_110324810726 /* ARDFileCaptureController.h */,
				FR_110324810726-1 /* ARDFileCaptureController.m */,
				FR_450544918025 /* ARDMainView.h */,
				FR_450544918561 /* ARDMainView.m */,
				FR_651958243082 /* ARDMainViewController.h */,
				FR_651958243082-1 /* ARDMainViewController.m */,
				FR_491903785309 /* ARDSettingsViewController.h */,
				FR_491903785309-1 /* ARDSettingsViewController.m */,
				FR_408723241773 /* ARDStatsView.h */,
				FR_408723183791 /* ARDStatsView.m */,
				FR_148669479096 /* ARDVideoCallView.h */,
				FR_148669479096-1 /* ARDVideoCallView.m */,
				FR_375916019100 /* ARDVideoCallViewController.h */,
				FR_375916019100-1 /* ARDVideoCallViewController.m */,
				FR_453913582365 /* Info.plist */,
				FR_553664426437 /* main.m */,
				FR_374052490821 /* RTCVideoCodecInfo+HumanReadable.h */,
				FR_374052490821-1 /* RTCVideoCodecInfo+HumanReadable.m */,
				FR_180365900664 /* UIImage+ARDUtilities.h */,
				FR_180365900664-1 /* UIImage+ARDUtilities.m */,
				G_2258701467408 /* resources */,
			);
			path = ios;
			sourceTree = "<group>";
		};
		G_2258701467408 /* resources */ = {
			isa = PBXGroup;
			children = (
				FR_527618744884 /* foreman.mp4 */,
				FR_102940247755 /* ic_call_end_black_24dp.png */,
				FR_892360524368 /* ic_call_end_black_24dp@2x.png */,
				FR_109107601055 /* ic_clear_black_24dp.png */,
				FR_177402465799 /* ic_clear_black_24dp@2x.png */,
				FR_562811267247 /* ic_settings_black_24dp.png */,
				FR_249243069595 /* ic_settings_black_24dp@2x.png */,
				FR_169228495756 /* ic_surround_sound_black_24dp.png */,
				FR_257518026840 /* ic_surround_sound_black_24dp@2x.png */,
				FR_470033356843 /* ic_switch_video_black_24dp.png */,
				FR_663195032623 /* ic_switch_video_black_24dp@2x.png */,
				FR_209936620692 /* iPhone5@2x.png */,
				FR_151605477863 /* iPhone6@2x.png */,
				FR_326588101799 /* iPhone6p@3x.png */,
				FR_139088551266 /* mozart.mp3 */,
				FR_871186740117 /* Roboto-Regular.ttf */,
			);
			path = resources;
			sourceTree = "<group>";
		};
		G_3325294392008 /* common */ = {
			isa = PBXGroup;
			children = (
				FR_187514407249 /* ARDUtilities.h */,
				FR_187514407249-1 /* ARDUtilities.m */,
			);
			path = common;
			sourceTree = "<group>";
		};
		G_4529621969674 /* third_party */ = {
			isa = PBXGroup;
			children = (
				G_7358351964586 /* SocketRocket */,
			);
			path = third_party;
			sourceTree = "<group>";
		};
		G_6144524536112 /* AppRTCMobile */ = {
			isa = PBXGroup;
			children = (
				FR_415193750927 /* ARDAppClient.h */,
				FR_415193751021 /* ARDAppClient.m */,
				FR_343904842307 /* ARDAppClient+Internal.h */,
				FR_108980526055 /* ARDAppEngineClient.h */,
				FR_108980526055-1 /* ARDAppEngineClient.m */,
				FR_137104936704 /* ARDBitrateTracker.h */,
				FR_137104936704-1 /* ARDBitrateTracker.m */,
				FR_558437994969 /* ARDCaptureController.h */,
				FR_558437994969-1 /* ARDCaptureController.m */,
				FR_772803490143 /* ARDJoinResponse.h */,
				FR_772803489391 /* ARDJoinResponse.m */,
				FR_807167646154 /* ARDJoinResponse+Internal.h */,
				FR_733498380105 /* ARDMessageResponse.h */,
				FR_733498380105-1 /* ARDMessageResponse.m */,
				FR_500797211317 /* ARDMessageResponse+Internal.h */,
				FR_837081248398 /* ARDRoomServerClient.h */,
				FR_182706507451 /* ARDSettingsModel.h */,
				FR_182706512390 /* ARDSettingsModel.m */,
				FR_745206097628 /* ARDSettingsModel+Private.h */,
				FR_813165311963 /* ARDSettingsStore.h */,
				FR_813165312178 /* ARDSettingsStore.m */,
				FR_866579842036 /* ARDSignalingChannel.h */,
				FR_492965369964 /* ARDSignalingMessage.h */,
				FR_492965369964-1 /* ARDSignalingMessage.m */,
				FR_282893549998 /* ARDStatsBuilder.h */,
				FR_282893549462 /* ARDStatsBuilder.m */,
				FR_434705629934 /* ARDTURNClient.h */,
				FR_434705630229 /* ARDTURNClient.m */,
				FR_283523086118 /* ARDTURNClient+Internal.h */,
				FR_406777797840 /* ARDWebSocketChannel.h */,
				FR_406777797840-1 /* ARDWebSocketChannel.m */,
				FR_212139652551 /* RTCIceCandidate+JSON.h */,
				FR_212139652551-1 /* RTCIceCandidate+JSON.m */,
				FR_286609943149 /* RTCIceServer+JSON.h */,
				FR_286609943149-1 /* RTCIceServer+JSON.m */,
				FR_882907201518 /* RTCMediaConstraints+JSON.h */,
				FR_882907201518-1 /* RTCMediaConstraints+JSON.m */,
				FR_699437721542 /* RTCSessionDescription+JSON.h */,
				FR_699437721542-1 /* RTCSessionDescription+JSON.m */,
				G_3325294392008 /* common */,
				G_2160140709741 /* ios */,
				G_4529621969674 /* third_party */,
			);
			path = AppRTCMobile;
			sourceTree = "<group>";
		};
		G_7358351964586 /* SocketRocket */ = {
			isa = PBXGroup;
			children = (
				FR_281438162037 /* LICENSE */,
				FR_194190684449 /* SRWebSocket.h */,
				FR_194190684449-1 /* SRWebSocket.m */,
			);
			path = SocketRocket;
			sourceTree = "<group>";
		};
		G_8448771205358 = {
			isa = PBXGroup;
			children = (
				G_6144524536112 /* AppRTCMobile */,
				G_8620238527590 /* Products */,
				A780EC488585290682862F1D /* Pods */,
				B0B8CA2F5AF4C5F80103B7F5 /* Frameworks */,
			);
			sourceTree = "<group>";
		};
		G_8620238527590 /* Products */ = {
			isa = PBXGroup;
			children = (
				FR_614452453611 /* AppRTCMobile.app */,
			);
			name = Products;
			sourceTree = "<group>";
		};
/* End PBXGroup section */

/* Begin PBXNativeTarget section */
		NT_614452453611 /* AppRTCMobile */ = {
			isa = PBXNativeTarget;
			buildConfigurationList = CL_614452453611-1 /* Build configuration list for PBXNativeTarget "AppRTCMobile" */;
			buildPhases = (
				C9D81477C067E7E34AFE20F8 /* [CP] Check Pods Manifest.lock */,
				SBP_61445245361 /* Sources */,
				RBP_61445245361 /* Resources */,
				BE202618BF408FF7F8DA0A3C /* Frameworks */,
				8CA9236614AC6FD333D2E4B9 /* [CP] Embed Pods Frameworks */,
			);
			buildRules = (
			);
			dependencies = (
			);
			name = AppRTCMobile;
			productName = AppRTCMobile;
			productReference = FR_614452453611 /* AppRTCMobile.app */;
			productType = "com.apple.product-type.application";
		};
/* End PBXNativeTarget section */

/* Begin PBXProject section */
		P_6144524536112 /* Project object */ = {
			isa = PBXProject;
			attributes = {
				LastUpgradeCheck = 0930;
			};
			buildConfigurationList = CL_614452453611 /* Build configuration list for PBXProject "AppRTCMobile" */;
			compatibilityVersion = "Xcode 3.2";
			developmentRegion = en;
			hasScannedForEncodings = 0;
			mainGroup = G_8448771205358;
			productRefGroup = G_8620238527590 /* Products */;
			projectDirPath = "";
			projectRoot = "";
			targets = (
				NT_614452453611 /* AppRTCMobile */,
			);
		};
/* End PBXProject section */

/* Begin PBXResourcesBuildPhase section */
		RBP_61445245361 /* Resources */ = {
			isa = PBXResourcesBuildPhase;
			buildActionMask = 2147483647;
			files = (
				BF_575484936120 /* Roboto-Regular.ttf in Resources */,
				BF_242175753271 /* foreman.mp4 in Resources */,
				BF_124329528026 /* iPhone5@2x.png in Resources */,
				BF_408330219554 /* iPhone6@2x.png in Resources */,
				BF_247484548867 /* iPhone6p@3x.png in Resources */,
				BF_652919166652 /* ic_call_end_black_24dp.png in Resources */,
				BF_903778095156 /* ic_call_end_black_24dp@2x.png in Resources */,
				BF_826632172124 /* ic_clear_black_24dp.png in Resources */,
				BF_526225752359 /* ic_clear_black_24dp@2x.png in Resources */,
				BF_307185709813 /* ic_settings_black_24dp.png in Resources */,
				BF_496197152758 /* ic_settings_black_24dp@2x.png in Resources */,
				BF_757282291920 /* ic_surround_sound_black_24dp.png in Resources */,
				BF_312302732878 /* ic_surround_sound_black_24dp@2x.png in Resources */,
				BF_549823376324 /* ic_switch_video_black_24dp.png in Resources */,
				BF_648166394144 /* ic_switch_video_black_24dp@2x.png in Resources */,
				BF_279069132400 /* mozart.mp3 in Resources */,
			);
			runOnlyForDeploymentPostprocessing = 0;
		};
/* End PBXResourcesBuildPhase section */

/* Begin PBXShellScriptBuildPhase section */
		8CA9236614AC6FD333D2E4B9 /* [CP] Embed Pods Frameworks */ = {
			isa = PBXShellScriptBuildPhase;
			buildActionMask = 2147483647;
			files = (
			);
			inputPaths = (
				"${SRCROOT}/Pods/Target Support Files/Pods-AppRTCMobile/Pods-AppRTCMobile-frameworks.sh",
				"${PODS_ROOT}/GoogleWebRTC/Frameworks/frameworks/WebRTC.framework",
			);
			name = "[CP] Embed Pods Frameworks";
			outputPaths = (
				"${TARGET_BUILD_DIR}/${FRAMEWORKS_FOLDER_PATH}/WebRTC.framework",
			);
			runOnlyForDeploymentPostprocessing = 0;
			shellPath = /bin/sh;
			shellScript = "\"${SRCROOT}/Pods/Target Support Files/Pods-AppRTCMobile/Pods-AppRTCMobile-frameworks.sh\"\n";
			showEnvVarsInLog = 0;
		};
		C9D81477C067E7E34AFE20F8 /* [CP] Check Pods Manifest.lock */ = {
			isa = PBXShellScriptBuildPhase;
			buildActionMask = 2147483647;
			files = (
			);
			inputPaths = (
				"${PODS_PODFILE_DIR_PATH}/Podfile.lock",
				"${PODS_ROOT}/Manifest.lock",
			);
			name = "[CP] Check Pods Manifest.lock";
			outputPaths = (
				"$(DERIVED_FILE_DIR)/Pods-AppRTCMobile-checkManifestLockResult.txt",
			);
			runOnlyForDeploymentPostprocessing = 0;
			shellPath = /bin/sh;
			shellScript = "diff \"${PODS_PODFILE_DIR_PATH}/Podfile.lock\" \"${PODS_ROOT}/Manifest.lock\" > /dev/null\nif [ $? != 0 ] ; then\n    # print error to STDERR\n    echo \"error: The sandbox is not in sync with the Podfile.lock. Run 'pod install' or update your CocoaPods installation.\" >&2\n    exit 1\nfi\n# This output is used by Xcode 'outputs' to avoid re-running this script phase.\necho \"SUCCESS\" > \"${SCRIPT_OUTPUT_FILE_0}\"\n";
			showEnvVarsInLog = 0;
		};
/* End PBXShellScriptBuildPhase section */

/* Begin PBXSourcesBuildPhase section */
		SBP_61445245361 /* Sources */ = {
			isa = PBXSourcesBuildPhase;
			buildActionMask = 2147483647;
			files = (
				BF_355869516465 /* ARDAppClient.m in Sources */,
				BF_150481844235 /* ARDAppDelegate.m in Sources */,
				BF_248999510369 /* ARDAppEngineClient.m in Sources */,
				BF_132279645272 /* ARDBitrateTracker.m in Sources */,
				BF_528625307006 /* ARDCaptureController.m in Sources */,
				BF_826180595501 /* ARDFileCaptureController.m in Sources */,
				BF_342709947260 /* ARDJoinResponse.m in Sources */,
				BF_894234307354 /* ARDMainView.m in Sources */,
				BF_915211606389 /* ARDMainViewController.m in Sources */,
				BF_179087166209 /* ARDMessageResponse.m in Sources */,
				BF_746488953283 /* ARDSettingsModel.m in Sources */,
				BF_848063531561 /* ARDSettingsStore.m in Sources */,
				BF_131149127477 /* ARDSettingsViewController.m in Sources */,
				BF_279722294223 /* ARDSignalingMessage.m in Sources */,
				BF_275767416747 /* ARDStatsBuilder.m in Sources */,
				BF_222913651085 /* ARDStatsView.m in Sources */,
				BF_849794297607 /* ARDTURNClient.m in Sources */,
				BF_840579433661 /* ARDUtilities.m in Sources */,
				BF_442265632275 /* ARDVideoCallView.m in Sources */,
				BF_832867585165 /* ARDVideoCallViewController.m in Sources */,
				BF_639637762881 /* ARDWebSocketChannel.m in Sources */,
				BF_895405225681 /* RTCIceCandidate+JSON.m in Sources */,
				BF_330620777092 /* RTCIceServer+JSON.m in Sources */,
				BF_532770989408 /* RTCMediaConstraints+JSON.m in Sources */,
				BF_397863762098 /* RTCSessionDescription+JSON.m in Sources */,
				BF_109343250395 /* RTCVideoCodecInfo+HumanReadable.m in Sources */,
				BF_853232844323 /* SRWebSocket.m in Sources */,
				BF_256005642908 /* UIImage+ARDUtilities.m in Sources */,
				BF_621920492751 /* main.m in Sources */,
			);
			runOnlyForDeploymentPostprocessing = 0;
		};
/* End PBXSourcesBuildPhase section */

/* Begin XCBuildConfiguration section */
		BC_413135077621 /* Release */ = {
			isa = XCBuildConfiguration;
			baseConfigurationReference = FC6D13B425941C96B73F6411 /* Pods-AppRTCMobile.release.xcconfig */;
			buildSettings = {
				ALWAYS_EMBED_SWIFT_STANDARD_LIBRARIES = YES;
				ASSETCATALOG_COMPILER_APPICON_NAME = AppIcon;
				"CODE_SIGN_IDENTITY[sdk=iphoneos*]" = "iPhone Developer";
				ENABLE_BITCODE = NO;
				INFOPLIST_FILE = AppRTCMobile/ios/Info.plist;
				IPHONEOS_DEPLOYMENT_TARGET = 11.3;
				LD_RUNPATH_SEARCH_PATHS = "$(inherited) @executable_path/Frameworks";
				OTHER_LDFLAGS = (
					"$(inherited)",
					"-licucore",
				);
				PRODUCT_BUNDLE_IDENTIFIER = com.github.otmb.AppRTCMobile;
				SDKROOT = iphoneos;
				TARGETED_DEVICE_FAMILY = "1,2";
			};
			name = Release;
		};
		BC_479945831424 /* Debug */ = {
			isa = XCBuildConfiguration;
			buildSettings = {
				ALWAYS_SEARCH_USER_PATHS = NO;
				CLANG_ANALYZER_NONNULL = YES;
				CLANG_ANALYZER_NUMBER_OBJECT_CONVERSION = YES_AGGRESSIVE;
				CLANG_CXX_LANGUAGE_STANDARD = "gnu++14";
				CLANG_CXX_LIBRARY = "libc++";
				CLANG_ENABLE_MODULES = YES;
				CLANG_ENABLE_OBJC_ARC = YES;
				CLANG_WARN_BLOCK_CAPTURE_AUTORELEASING = YES;
				CLANG_WARN_BOOL_CONVERSION = YES;
				CLANG_WARN_COMMA = YES;
				CLANG_WARN_CONSTANT_CONVERSION = YES;
				CLANG_WARN_DEPRECATED_OBJC_IMPLEMENTATIONS = YES;
				CLANG_WARN_DIRECT_OBJC_ISA_USAGE = YES_ERROR;
				CLANG_WARN_DOCUMENTATION_COMMENTS = YES;
				CLANG_WARN_EMPTY_BODY = YES;
				CLANG_WARN_ENUM_CONVERSION = YES;
				CLANG_WARN_INFINITE_RECURSION = YES;
				CLANG_WARN_INT_CONVERSION = YES;
				CLANG_WARN_NON_LITERAL_NULL_CONVERSION = YES;
				CLANG_WARN_OBJC_IMPLICIT_RETAIN_SELF = YES;
				CLANG_WARN_OBJC_LITERAL_CONVERSION = YES;
				CLANG_WARN_OBJC_ROOT_CLASS = YES_ERROR;
				CLANG_WARN_RANGE_LOOP_ANALYSIS = YES;
				CLANG_WARN_STRICT_PROTOTYPES = YES;
				CLANG_WARN_SUSPICIOUS_MOVE = YES;
				CLANG_WARN_UNGUARDED_AVAILABILITY = YES_AGGRESSIVE;
				CLANG_WARN_UNREACHABLE_CODE = YES;
				CLANG_WARN__DUPLICATE_METHOD_MATCH = YES;
				COPY_PHASE_STRIP = NO;
				DEBUG_INFORMATION_FORMAT = dwarf;
				ENABLE_STRICT_OBJC_MSGSEND = YES;
				ENABLE_TESTABILITY = YES;
				GCC_C_LANGUAGE_STANDARD = gnu11;
				GCC_DYNAMIC_NO_PIC = NO;
				GCC_NO_COMMON_BLOCKS = YES;
				GCC_OPTIMIZATION_LEVEL = 0;
				GCC_PREPROCESSOR_DEFINITIONS = (
					"$(inherited)",
					"DEBUG=1",
				);
				GCC_WARN_64_TO_32_BIT_CONVERSION = YES;
				GCC_WARN_ABOUT_RETURN_TYPE = YES_ERROR;
				GCC_WARN_UNDECLARED_SELECTOR = YES;
				GCC_WARN_UNINITIALIZED_AUTOS = YES_AGGRESSIVE;
				GCC_WARN_UNUSED_FUNCTION = YES;
				GCC_WARN_UNUSED_VARIABLE = YES;
				MTL_ENABLE_DEBUG_INFO = YES;
				ONLY_ACTIVE_ARCH = YES;
				PRODUCT_NAME = "$(TARGET_NAME)";
				SWIFT_ACTIVE_COMPILATION_CONDITIONS = DEBUG;
				SWIFT_OPTIMIZATION_LEVEL = "-Onone";
				SWIFT_VERSION = 4.0;
			};
			name = Debug;
		};
		BC_481094125218 /* Debug */ = {
			isa = XCBuildConfiguration;
			baseConfigurationReference = FF5944755B671F9448E3998C /* Pods-AppRTCMobile.debug.xcconfig */;
			buildSettings = {
				ALWAYS_EMBED_SWIFT_STANDARD_LIBRARIES = YES;
				ASSETCATALOG_COMPILER_APPICON_NAME = AppIcon;
				"CODE_SIGN_IDENTITY[sdk=iphoneos*]" = "iPhone Developer";
				ENABLE_BITCODE = NO;
				INFOPLIST_FILE = AppRTCMobile/ios/Info.plist;
				IPHONEOS_DEPLOYMENT_TARGET = 11.3;
				LD_RUNPATH_SEARCH_PATHS = "$(inherited) @executable_path/Frameworks";
				OTHER_LDFLAGS = (
					"$(inherited)",
					"-licucore",
				);
				PRODUCT_BUNDLE_IDENTIFIER = com.github.otmb.AppRTCMobile;
				SDKROOT = iphoneos;
				TARGETED_DEVICE_FAMILY = "1,2";
			};
			name = Debug;
		};
		BC_881114754245 /* Release */ = {
			isa = XCBuildConfiguration;
			buildSettings = {
				ALWAYS_SEARCH_USER_PATHS = NO;
				CLANG_ANALYZER_NONNULL = YES;
				CLANG_ANALYZER_NUMBER_OBJECT_CONVERSION = YES_AGGRESSIVE;
				CLANG_CXX_LANGUAGE_STANDARD = "gnu++14";
				CLANG_CXX_LIBRARY = "libc++";
				CLANG_ENABLE_MODULES = YES;
				CLANG_ENABLE_OBJC_ARC = YES;
				CLANG_WARN_BLOCK_CAPTURE_AUTORELEASING = YES;
				CLANG_WARN_BOOL_CONVERSION = YES;
				CLANG_WARN_COMMA = YES;
				CLANG_WARN_CONSTANT_CONVERSION = YES;
				CLANG_WARN_DEPRECATED_OBJC_IMPLEMENTATIONS = YES;
				CLANG_WARN_DIRECT_OBJC_ISA_USAGE = YES_ERROR;
				CLANG_WARN_DOCUMENTATION_COMMENTS = YES;
				CLANG_WARN_EMPTY_BODY = YES;
				CLANG_WARN_ENUM_CONVERSION = YES;
				CLANG_WARN_INFINITE_RECURSION = YES;
				CLANG_WARN_INT_CONVERSION = YES;
				CLANG_WARN_NON_LITERAL_NULL_CONVERSION = YES;
				CLANG_WARN_OBJC_IMPLICIT_RETAIN_SELF = YES;
				CLANG_WARN_OBJC_LITERAL_CONVERSION = YES;
				CLANG_WARN_OBJC_ROOT_CLASS = YES_ERROR;
				CLANG_WARN_RANGE_LOOP_ANALYSIS = YES;
				CLANG_WARN_STRICT_PROTOTYPES = YES;
				CLANG_WARN_SUSPICIOUS_MOVE = YES;
				CLANG_WARN_UNGUARDED_AVAILABILITY = YES_AGGRESSIVE;
				CLANG_WARN_UNREACHABLE_CODE = YES;
				CLANG_WARN__DUPLICATE_METHOD_MATCH = YES;
				COPY_PHASE_STRIP = NO;
				DEBUG_INFORMATION_FORMAT = "dwarf-with-dsym";
				ENABLE_NS_ASSERTIONS = NO;
				ENABLE_STRICT_OBJC_MSGSEND = YES;
				GCC_C_LANGUAGE_STANDARD = gnu11;
				GCC_NO_COMMON_BLOCKS = YES;
				GCC_WARN_64_TO_32_BIT_CONVERSION = YES;
				GCC_WARN_ABOUT_RETURN_TYPE = YES_ERROR;
				GCC_WARN_UNDECLARED_SELECTOR = YES;
				GCC_WARN_UNINITIALIZED_AUTOS = YES_AGGRESSIVE;
				GCC_WARN_UNUSED_FUNCTION = YES;
				GCC_WARN_UNUSED_VARIABLE = YES;
				PRODUCT_NAME = "$(TARGET_NAME)";
				SWIFT_OPTIMIZATION_LEVEL = "-Owholemodule";
				SWIFT_VERSION = 4.0;
				VALIDATE_PRODUCT = YES;
			};
			name = Release;
		};
/* End XCBuildConfiguration section */

/* Begin XCConfigurationList section */
		CL_614452453611 /* Build configuration list for PBXProject "AppRTCMobile" */ = {
			isa = XCConfigurationList;
			buildConfigurations = (
				BC_479945831424 /* Debug */,
				BC_881114754245 /* Release */,
			);
			defaultConfigurationIsVisible = 0;
			defaultConfigurationName = Debug;
		};
		CL_614452453611-1 /* Build configuration list for PBXNativeTarget "AppRTCMobile" */ = {
			isa = XCConfigurationList;
			buildConfigurations = (
				BC_481094125218 /* Debug */,
				BC_413135077621 /* Release */,
			);
			defaultConfigurationIsVisible = 0;
			defaultConfigurationName = "";
		};
/* End XCConfigurationList section */
	};
	rootObject = P_6144524536112 /* Project object */;
}
